# This file is automatically @generated by Cargo.
# It is not intended for manual editing.
[[package]]
name = "mber"
version = "0.1.1"
dependencies = [
 "yansi 0.5.0 (registry+https://github.com/rust-lang/crates.io-index)",
]

[[package]]
name = "yansi"
version = "0.5.0"
source = "registry+https://github.com/rust-lang/crates.io-index"

[metadata]
"checksum yansi 0.5.0 (registry+https://github.com/rust-lang/crates.io-index)" = "9fc79f4a1e39857fc00c3f662cbf2651c771f00e9c15fe2abc341806bd46bd71"
